
Microsoft Visual Studio Solution File, Format Version 12.00
# Visual Studio Version 17
VisualStudioVersion = 17.9.34728.123
MinimumVisualStudioVersion = 10.0.40219.1
Project("{9A19103F-16F7-4668-BE54-9A1E7A4F7556}") = "DeptchChartManagementSystem", "WebApplication2\DeptchChartManagementSystem.csproj", "{C35EE20A-A4BC-4BF7-8662-3406CECB70EC}"
EndProject
Project("{9A19103F-16F7-4668-BE54-9A1E7A4F7556}") = "DeptchChartManagementSystem.Test", "WebApplication2.Test\DeptchChartManagementSystem.Test.csproj", "{843D242E-BD3A-4D56-8109-42DBCC8F857E}"
EndProject
Global
	GlobalSection(SolutionConfigurationPlatforms) = preSolution
		Debug|Any CPU = Debug|Any CPU
		Release|Any CPU = Release|Any CPU
	EndGlobalSection
	GlobalSection(ProjectConfigurationPlatforms) = postSolution
		{C35EE20A-A4BC-4BF7-8662-3406CECB70EC}.Debug|Any CPU.ActiveCfg = Debug|Any CPU
		{C35EE20A-A4BC-4BF7-8662-3406CECB70EC}.Debug|Any CPU.Build.0 = Debug|Any CPU
		{C35EE20A-A4BC-4BF7-8662-3406CECB70EC}.Release|Any CPU.ActiveCfg = Release|Any CPU
		{C35EE20A-A4BC-4BF7-8662-3406CECB70EC}.Release|Any CPU.Build.0 = Release|Any CPU
		{843D242E-BD3A-4D56-8109-42DBCC8F857E}.Debug|Any CPU.ActiveCfg = Debug|Any CPU
		{843D242E-BD3A-4D56-8109-42DBCC8F857E}.Debug|Any CPU.Build.0 = Debug|Any CPU
		{843D242E-BD3A-4D56-8109-42DBCC8F857E}.Release|Any CPU.ActiveCfg = Release|Any CPU
		{843D242E-BD3A-4D56-8109-42DBCC8F857E}.Release|Any CPU.Build.0 = Release|Any CPU
	EndGlobalSection
	GlobalSection(SolutionProperties) = preSolution
		HideSolutionNode = FALSE
	EndGlobalSection
	GlobalSection(ExtensibilityGlobals) = postSolution
		SolutionGuid = {A5CD7208-808A-4326-9E81-1723B80A9346}
	EndGlobalSection
EndGlobal
